
Microsoft Visual Studio Solution File, Format Version 12.00
# Visual Studio 2012
Project("{8BC9CEB8-8B4A-11D0-8D11-00A0C91BC942}") = "Project1", "Project1\Project1.vcxproj", "{747BE65C-3DA4-4625-A6C3-E60B0065D28C}"
EndProject
Global
	GlobalSection(SolutionConfigurationPlatforms) = preSolution
		Debug|Win32 = Debug|Win32
		Release|Win32 = Release|Win32
	EndGlobalSection
	GlobalSection(ProjectConfigurationPlatforms) = postSolution
		{747BE65C-3DA4-4625-A6C3-E60B0065D28C}.Debug|Win32.ActiveCfg = Debug|Win32
		{747BE65C-3DA4-4625-A6C3-E60B0065D28C}.Debug|Win32.Build.0 = Debug|Win32
		{747BE65C-3DA4-4625-A6C3-E60B0065D28C}.Release|Win32.ActiveCfg = Release|Win32
		{747BE65C-3DA4-4625-A6C3-E60B0065D28C}.Release|Win32.Build.0 = Release|Win32
	EndGlobalSection
	GlobalSection(SolutionProperties) = preSolution
		HideSolutionNode = FALSE
	EndGlobalSection
EndGlobal
