
Microsoft Visual Studio Solution File, Format Version 12.00
# Visual Studio 2012
Project("{8BC9CEB8-8B4A-11D0-8D11-00A0C91BC942}") = "RBC_CPP", "RBC_CPP\RBC_CPP.vcxproj", "{62789A9C-C211-484F-A791-BB7116136DDF}"
EndProject
Global
	GlobalSection(SolutionConfigurationPlatforms) = preSolution
		Debug|Win32 = Debug|Win32
		Release|Win32 = Release|Win32
	EndGlobalSection
	GlobalSection(ProjectConfigurationPlatforms) = postSolution
		{62789A9C-C211-484F-A791-BB7116136DDF}.Debug|Win32.ActiveCfg = Debug|Win32
		{62789A9C-C211-484F-A791-BB7116136DDF}.Debug|Win32.Build.0 = Debug|Win32
		{62789A9C-C211-484F-A791-BB7116136DDF}.Release|Win32.ActiveCfg = Release|Win32
		{62789A9C-C211-484F-A791-BB7116136DDF}.Release|Win32.Build.0 = Release|Win32
	EndGlobalSection
	GlobalSection(SolutionProperties) = preSolution
		HideSolutionNode = FALSE
	EndGlobalSection
EndGlobal
